
Microsoft Visual Studio Solution File, Format Version 12.00
# Visual Studio Version 17
VisualStudioVersion = 17.11.35303.130
MinimumVisualStudioVersion = 10.0.40219.1
Project("{8BC9CEB8-8B4A-11D0-8D11-00A0C91BC942}") = "NRB.Assignment4", "NRB.Assignment4\NRB.Assignment4.vcxproj", "{0EF69EA3-4B0E-44DD-889E-D8DEA88C1851}"
EndProject
Global
	GlobalSection(SolutionConfigurationPlatforms) = preSolution
		Debug|x64 = Debug|x64
		Debug|x86 = Debug|x86
		Release|x64 = Release|x64
		Release|x86 = Release|x86
	EndGlobalSection
	GlobalSection(ProjectConfigurationPlatforms) = postSolution
		{0EF69EA3-4B0E-44DD-889E-D8DEA88C1851}.Debug|x64.ActiveCfg = Debug|x64
		{0EF69EA3-4B0E-44DD-889E-D8DEA88C1851}.Debug|x64.Build.0 = Debug|x64
		{0EF69EA3-4B0E-44DD-889E-D8DEA88C1851}.Debug|x86.ActiveCfg = Debug|Win32
		{0EF69EA3-4B0E-44DD-889E-D8DEA88C1851}.Debug|x86.Build.0 = Debug|Win32
		{0EF69EA3-4B0E-44DD-889E-D8DEA88C1851}.Release|x64.ActiveCfg = Release|x64
		{0EF69EA3-4B0E-44DD-889E-D8DEA88C1851}.Release|x64.Build.0 = Release|x64
		{0EF69EA3-4B0E-44DD-889E-D8DEA88C1851}.Release|x86.ActiveCfg = Release|Win32
		{0EF69EA3-4B0E-44DD-889E-D8DEA88C1851}.Release|x86.Build.0 = Release|Win32
	EndGlobalSection
	GlobalSection(SolutionProperties) = preSolution
		HideSolutionNode = FALSE
	EndGlobalSection
	GlobalSection(ExtensibilityGlobals) = postSolution
		SolutionGuid = {AA3EBEEB-2D03-4FA7-B0EB-C0379E56147D}
	EndGlobalSection
EndGlobal
